
Microsoft Visual Studio Solution File, Format Version 12.00
# Visual Studio Version 17
VisualStudioVersion = 17.4.33122.133
MinimumVisualStudioVersion = 10.0.40219.1
Project("{9A19103F-16F7-4668-BE54-9A1E7A4F7556}") = "HelloWorld", "HelloWorld\HelloWorld.csproj", "{F4AC1A33-962F-4BED-97EF-904135450EE1}"
EndProject
Project("{9A19103F-16F7-4668-BE54-9A1E7A4F7556}") = "StringManipulation", "StringManipulation\StringManipulation.csproj", "{CFCBF156-D6DC-4A94-8CD1-6C31D2751020}"
EndProject
Project("{9A19103F-16F7-4668-BE54-9A1E7A4F7556}") = "PrintStarTrinagle", "PrintStarTrinagle\PrintStarTrinagle.csproj", "{8457B7A8-2A0E-4FF2-A722-703645DD75CC}"
EndProject
Project("{9A19103F-16F7-4668-BE54-9A1E7A4F7556}") = "Fibonacci", "Fibonacci\Fibonacci.csproj", "{A45B9AAE-4B72-46C2-9BC5-60F98C9BC123}"
EndProject
Project("{9A19103F-16F7-4668-BE54-9A1E7A4F7556}") = "StringFunctions", "StringFunctions\StringFunctions.csproj", "{6DF7664B-F064-4923-8A6B-3AE8552849E5}"
EndProject
Project("{9A19103F-16F7-4668-BE54-9A1E7A4F7556}") = "ReverseString", "ReverseString\ReverseString.csproj", "{DF712111-6A63-4DCC-9B74-683755F235C8}"
EndProject
Project("{9A19103F-16F7-4668-BE54-9A1E7A4F7556}") = "AssignOne", "AssignOne\AssignOne.csproj", "{C25A25FE-E949-4437-8E87-D4AA5651C220}"
EndProject
Project("{9A19103F-16F7-4668-BE54-9A1E7A4F7556}") = "CircleArea", "CircleArea\CircleArea.csproj", "{1229DCAC-AEA7-4F75-85F7-5C338E48D1EB}"
EndProject
Project("{9A19103F-16F7-4668-BE54-9A1E7A4F7556}") = "Methods", "Methods\Methods.csproj", "{AEE692CA-D3BB-42F5-B83E-12E8E9E20A60}"
EndProject
Project("{9A19103F-16F7-4668-BE54-9A1E7A4F7556}") = "Roman", "Roman\Roman.csproj", "{CA4F8ED5-6D56-4957-B81D-D874724EBC27}"
EndProject
Project("{9A19103F-16F7-4668-BE54-9A1E7A4F7556}") = "Greet", "Greet\Greet.csproj", "{44D087DE-F10D-49A9-A869-40A89123F2BA}"
EndProject
Project("{9A19103F-16F7-4668-BE54-9A1E7A4F7556}") = "Assign2", "Assign2\Assign2.csproj", "{F8AE8AC0-53FD-4199-B2A2-9BF8985247DC}"
EndProject
Project("{9A19103F-16F7-4668-BE54-9A1E7A4F7556}") = "TryAndCatchFinally", "TryAndCatchFinally\TryAndCatchFinally.csproj", "{953C82BA-5858-44F3-9BC3-69CAFC6643CE}"
EndProject
Project("{9A19103F-16F7-4668-BE54-9A1E7A4F7556}") = "BubbleSort", "BubbleSort\BubbleSort.csproj", "{D4FE1226-39E8-43DD-9B6E-7896ACE21AC0}"
EndProject
Project("{FAE04EC0-301F-11D3-BF4B-00C04F79EFBC}") = "Tables", "Tables\Tables.csproj", "{B895D12B-E211-4634-A441-5BB3567895F3}"
EndProject
Project("{FAE04EC0-301F-11D3-BF4B-00C04F79EFBC}") = "TryParse", "TryParse\TryParse.csproj", "{2B92AF47-CC4E-42DF-AD13-6156FDF3103E}"
EndProject
Project("{FAE04EC0-301F-11D3-BF4B-00C04F79EFBC}") = "OddOrEven", "OddOrEven\OddOrEven.csproj", "{90E1CE89-1C6D-4795-B0CE-2B39665AA01B}"
EndProject
Global
	GlobalSection(SolutionConfigurationPlatforms) = preSolution
		Debug|Any CPU = Debug|Any CPU
		Release|Any CPU = Release|Any CPU
	EndGlobalSection
	GlobalSection(ProjectConfigurationPlatforms) = postSolution
		{F4AC1A33-962F-4BED-97EF-904135450EE1}.Debug|Any CPU.ActiveCfg = Debug|Any CPU
		{F4AC1A33-962F-4BED-97EF-904135450EE1}.Debug|Any CPU.Build.0 = Debug|Any CPU
		{F4AC1A33-962F-4BED-97EF-904135450EE1}.Release|Any CPU.ActiveCfg = Release|Any CPU
		{F4AC1A33-962F-4BED-97EF-904135450EE1}.Release|Any CPU.Build.0 = Release|Any CPU
		{CFCBF156-D6DC-4A94-8CD1-6C31D2751020}.Debug|Any CPU.ActiveCfg = Debug|Any CPU
		{CFCBF156-D6DC-4A94-8CD1-6C31D2751020}.Debug|Any CPU.Build.0 = Debug|Any CPU
		{CFCBF156-D6DC-4A94-8CD1-6C31D2751020}.Release|Any CPU.ActiveCfg = Release|Any CPU
		{CFCBF156-D6DC-4A94-8CD1-6C31D2751020}.Release|Any CPU.Build.0 = Release|Any CPU
		{8457B7A8-2A0E-4FF2-A722-703645DD75CC}.Debug|Any CPU.ActiveCfg = Debug|Any CPU
		{8457B7A8-2A0E-4FF2-A722-703645DD75CC}.Debug|Any CPU.Build.0 = Debug|Any CPU
		{8457B7A8-2A0E-4FF2-A722-703645DD75CC}.Release|Any CPU.ActiveCfg = Release|Any CPU
		{8457B7A8-2A0E-4FF2-A722-703645DD75CC}.Release|Any CPU.Build.0 = Release|Any CPU
		{A45B9AAE-4B72-46C2-9BC5-60F98C9BC123}.Debug|Any CPU.ActiveCfg = Debug|Any CPU
		{A45B9AAE-4B72-46C2-9BC5-60F98C9BC123}.Debug|Any CPU.Build.0 = Debug|Any CPU
		{A45B9AAE-4B72-46C2-9BC5-60F98C9BC123}.Release|Any CPU.ActiveCfg = Release|Any CPU
		{A45B9AAE-4B72-46C2-9BC5-60F98C9BC123}.Release|Any CPU.Build.0 = Release|Any CPU
		{6DF7664B-F064-4923-8A6B-3AE8552849E5}.Debug|Any CPU.ActiveCfg = Debug|Any CPU
		{6DF7664B-F064-4923-8A6B-3AE8552849E5}.Debug|Any CPU.Build.0 = Debug|Any CPU
		{6DF7664B-F064-4923-8A6B-3AE8552849E5}.Release|Any CPU.ActiveCfg = Release|Any CPU
		{6DF7664B-F064-4923-8A6B-3AE8552849E5}.Release|Any CPU.Build.0 = Release|Any CPU
		{DF712111-6A63-4DCC-9B74-683755F235C8}.Debug|Any CPU.ActiveCfg = Debug|Any CPU
		{DF712111-6A63-4DCC-9B74-683755F235C8}.Debug|Any CPU.Build.0 = Debug|Any CPU
		{DF712111-6A63-4DCC-9B74-683755F235C8}.Release|Any CPU.ActiveCfg = Release|Any CPU
		{DF712111-6A63-4DCC-9B74-683755F235C8}.Release|Any CPU.Build.0 = Release|Any CPU
		{C25A25FE-E949-4437-8E87-D4AA5651C220}.Debug|Any CPU.ActiveCfg = Debug|Any CPU
		{C25A25FE-E949-4437-8E87-D4AA5651C220}.Debug|Any CPU.Build.0 = Debug|Any CPU
		{C25A25FE-E949-4437-8E87-D4AA5651C220}.Release|Any CPU.ActiveCfg = Release|Any CPU
		{C25A25FE-E949-4437-8E87-D4AA5651C220}.Release|Any CPU.Build.0 = Release|Any CPU
		{1229DCAC-AEA7-4F75-85F7-5C338E48D1EB}.Debug|Any CPU.ActiveCfg = Debug|Any CPU
		{1229DCAC-AEA7-4F75-85F7-5C338E48D1EB}.Debug|Any CPU.Build.0 = Debug|Any CPU
		{1229DCAC-AEA7-4F75-85F7-5C338E48D1EB}.Release|Any CPU.ActiveCfg = Release|Any CPU
		{1229DCAC-AEA7-4F75-85F7-5C338E48D1EB}.Release|Any CPU.Build.0 = Release|Any CPU
		{AEE692CA-D3BB-42F5-B83E-12E8E9E20A60}.Debug|Any CPU.ActiveCfg = Debug|Any CPU
		{AEE692CA-D3BB-42F5-B83E-12E8E9E20A60}.Debug|Any CPU.Build.0 = Debug|Any CPU
		{AEE692CA-D3BB-42F5-B83E-12E8E9E20A60}.Release|Any CPU.ActiveCfg = Release|Any CPU
		{AEE692CA-D3BB-42F5-B83E-12E8E9E20A60}.Release|Any CPU.Build.0 = Release|Any CPU
		{CA4F8ED5-6D56-4957-B81D-D874724EBC27}.Debug|Any CPU.ActiveCfg = Debug|Any CPU
		{CA4F8ED5-6D56-4957-B81D-D874724EBC27}.Debug|Any CPU.Build.0 = Debug|Any CPU
		{CA4F8ED5-6D56-4957-B81D-D874724EBC27}.Release|Any CPU.ActiveCfg = Release|Any CPU
		{CA4F8ED5-6D56-4957-B81D-D874724EBC27}.Release|Any CPU.Build.0 = Release|Any CPU
		{44D087DE-F10D-49A9-A869-40A89123F2BA}.Debug|Any CPU.ActiveCfg = Debug|Any CPU
		{44D087DE-F10D-49A9-A869-40A89123F2BA}.Debug|Any CPU.Build.0 = Debug|Any CPU
		{44D087DE-F10D-49A9-A869-40A89123F2BA}.Release|Any CPU.ActiveCfg = Release|Any CPU
		{44D087DE-F10D-49A9-A869-40A89123F2BA}.Release|Any CPU.Build.0 = Release|Any CPU
		{F8AE8AC0-53FD-4199-B2A2-9BF8985247DC}.Debug|Any CPU.ActiveCfg = Debug|Any CPU
		{F8AE8AC0-53FD-4199-B2A2-9BF8985247DC}.Debug|Any CPU.Build.0 = Debug|Any CPU
		{F8AE8AC0-53FD-4199-B2A2-9BF8985247DC}.Release|Any CPU.ActiveCfg = Release|Any CPU
		{F8AE8AC0-53FD-4199-B2A2-9BF8985247DC}.Release|Any CPU.Build.0 = Release|Any CPU
		{953C82BA-5858-44F3-9BC3-69CAFC6643CE}.Debug|Any CPU.ActiveCfg = Debug|Any CPU
		{953C82BA-5858-44F3-9BC3-69CAFC6643CE}.Debug|Any CPU.Build.0 = Debug|Any CPU
		{953C82BA-5858-44F3-9BC3-69CAFC6643CE}.Release|Any CPU.ActiveCfg = Release|Any CPU
		{953C82BA-5858-44F3-9BC3-69CAFC6643CE}.Release|Any CPU.Build.0 = Release|Any CPU
		{D4FE1226-39E8-43DD-9B6E-7896ACE21AC0}.Debug|Any CPU.ActiveCfg = Debug|Any CPU
		{D4FE1226-39E8-43DD-9B6E-7896ACE21AC0}.Debug|Any CPU.Build.0 = Debug|Any CPU
		{D4FE1226-39E8-43DD-9B6E-7896ACE21AC0}.Release|Any CPU.ActiveCfg = Release|Any CPU
		{D4FE1226-39E8-43DD-9B6E-7896ACE21AC0}.Release|Any CPU.Build.0 = Release|Any CPU
		{B895D12B-E211-4634-A441-5BB3567895F3}.Debug|Any CPU.ActiveCfg = Debug|Any CPU
		{B895D12B-E211-4634-A441-5BB3567895F3}.Debug|Any CPU.Build.0 = Debug|Any CPU
		{B895D12B-E211-4634-A441-5BB3567895F3}.Release|Any CPU.ActiveCfg = Release|Any CPU
		{B895D12B-E211-4634-A441-5BB3567895F3}.Release|Any CPU.Build.0 = Release|Any CPU
		{2B92AF47-CC4E-42DF-AD13-6156FDF3103E}.Debug|Any CPU.ActiveCfg = Debug|Any CPU
		{2B92AF47-CC4E-42DF-AD13-6156FDF3103E}.Debug|Any CPU.Build.0 = Debug|Any CPU
		{2B92AF47-CC4E-42DF-AD13-6156FDF3103E}.Release|Any CPU.ActiveCfg = Release|Any CPU
		{2B92AF47-CC4E-42DF-AD13-6156FDF3103E}.Release|Any CPU.Build.0 = Release|Any CPU
		{90E1CE89-1C6D-4795-B0CE-2B39665AA01B}.Debug|Any CPU.ActiveCfg = Debug|Any CPU
		{90E1CE89-1C6D-4795-B0CE-2B39665AA01B}.Debug|Any CPU.Build.0 = Debug|Any CPU
		{90E1CE89-1C6D-4795-B0CE-2B39665AA01B}.Release|Any CPU.ActiveCfg = Release|Any CPU
		{90E1CE89-1C6D-4795-B0CE-2B39665AA01B}.Release|Any CPU.Build.0 = Release|Any CPU
	EndGlobalSection
	GlobalSection(SolutionProperties) = preSolution
		HideSolutionNode = FALSE
	EndGlobalSection
	GlobalSection(ExtensibilityGlobals) = postSolution
		SolutionGuid = {B4F0C428-53F1-4F28-9952-6E9E041032CA}
	EndGlobalSection
EndGlobal
