
Microsoft Visual Studio Solution File, Format Version 12.00
# Visual Studio Version 17
VisualStudioVersion = 17.4.33122.133
MinimumVisualStudioVersion = 10.0.40219.1
Project("{9A19103F-16F7-4668-BE54-9A1E7A4F7556}") = "HelloWorld", "HelloWorld\HelloWorld.csproj", "{F4AC1A33-962F-4BED-97EF-904135450EE1}"
EndProject
Project("{9A19103F-16F7-4668-BE54-9A1E7A4F7556}") = "StringManipulation", "StringManipulation\StringManipulation.csproj", "{CFCBF156-D6DC-4A94-8CD1-6C31D2751020}"
EndProject
Project("{9A19103F-16F7-4668-BE54-9A1E7A4F7556}") = "PrintStarTrinagle", "PrintStarTrinagle\PrintStarTrinagle.csproj", "{8457B7A8-2A0E-4FF2-A722-703645DD75CC}"
EndProject
Project("{9A19103F-16F7-4668-BE54-9A1E7A4F7556}") = "Fibonacci", "Fibonacci\Fibonacci.csproj", "{A45B9AAE-4B72-46C2-9BC5-60F98C9BC123}"
EndProject
Project("{9A19103F-16F7-4668-BE54-9A1E7A4F7556}") = "StringFunctions", "StringFunctions\StringFunctions.csproj", "{6DF7664B-F064-4923-8A6B-3AE8552849E5}"
EndProject
Project("{9A19103F-16F7-4668-BE54-9A1E7A4F7556}") = "ReverseString", "ReverseString\ReverseString.csproj", "{DF712111-6A63-4DCC-9B74-683755F235C8}"
EndProject
Project("{9A19103F-16F7-4668-BE54-9A1E7A4F7556}") = "AssignOne", "AssignOne\AssignOne.csproj", "{C25A25FE-E949-4437-8E87-D4AA5651C220}"
EndProject
Project("{9A19103F-16F7-4668-BE54-9A1E7A4F7556}") = "CircleArea", "CircleArea\CircleArea.csproj", "{1229DCAC-AEA7-4F75-85F7-5C338E48D1EB}"
EndProject
Project("{9A19103F-16F7-4668-BE54-9A1E7A4F7556}") = "Methods", "Methods\Methods.csproj", "{AEE692CA-D3BB-42F5-B83E-12E8E9E20A60}"
EndProject
Project("{9A19103F-16F7-4668-BE54-9A1E7A4F7556}") = "Roman", "Roman\Roman.csproj", "{CA4F8ED5-6D56-4957-B81D-D874724EBC27}"
EndProject
Project("{9A19103F-16F7-4668-BE54-9A1E7A4F7556}") = "Greet", "Greet\Greet.csproj", "{44D087DE-F10D-49A9-A869-40A89123F2BA}"
EndProject
Project("{9A19103F-16F7-4668-BE54-9A1E7A4F7556}") = "Assign2", "Assign2\Assign2.csproj", "{F8AE8AC0-53FD-4199-B2A2-9BF8985247DC}"
EndProject
Project("{9A19103F-16F7-4668-BE54-9A1E7A4F7556}") = "TryAndCatchFinally", "TryAndCatchFinally\TryAndCatchFinally.csproj", "{953C82BA-5858-44F3-9BC3-69CAFC6643CE}"
EndProject
Project("{9A19103F-16F7-4668-BE54-9A1E7A4F7556}") = "BubbleSort", "BubbleSort\BubbleSort.csproj", "{D4FE1226-39E8-43DD-9B6E-7896ACE21AC0}"
EndProject
Project("{9A19103F-16F7-4668-BE54-9A1E7A4F7556}") = "Tables", "Tables\Tables.csproj", "{B895D12B-E211-4634-A441-5BB3567895F3}"
EndProject
Project("{9A19103F-16F7-4668-BE54-9A1E7A4F7556}") = "TryParse", "TryParse\TryParse.csproj", "{2B92AF47-CC4E-42DF-AD13-6156FDF3103E}"
EndProject
Project("{9A19103F-16F7-4668-BE54-9A1E7A4F7556}") = "OddOrEven", "OddOrEven\OddOrEven.csproj", "{90E1CE89-1C6D-4795-B0CE-2B39665AA01B}"
EndProject
Project("{9A19103F-16F7-4668-BE54-9A1E7A4F7556}") = "NestedIf", "NestedIf\NestedIf.csproj", "{96AC1192-CD83-4A17-800D-D0DDB6241552}"
EndProject
Project("{9A19103F-16F7-4668-BE54-9A1E7A4F7556}") = "SimpleLogin", "SimpleLogin\SimpleLogin.csproj", "{C216257F-8A22-4FEB-BB90-51C5171FFA03}"
EndProject
Project("{9A19103F-16F7-4668-BE54-9A1E7A4F7556}") = "StudentGrader", "StudentGrader\StudentGrader.csproj", "{82D7D7B6-621C-41AC-B543-ACB4952DAB64}"
EndProject
Project("{9A19103F-16F7-4668-BE54-9A1E7A4F7556}") = "Quiz", "Quiz\Quiz.csproj", "{85F6146F-9059-42B1-B94E-1746499E609F}"
EndProject
Project("{9A19103F-16F7-4668-BE54-9A1E7A4F7556}") = "Ternary", "Ternary\Ternary.csproj", "{DD5049F8-5811-4F68-9E75-5D5170CFA53E}"
EndProject
Project("{9A19103F-16F7-4668-BE54-9A1E7A4F7556}") = "Even", "Even\Even.csproj", "{C250BE04-41FE-4335-A2F6-56C56BEDA2DE}"
EndProject
Project("{9A19103F-16F7-4668-BE54-9A1E7A4F7556}") = "Odd", "Odd\Odd.csproj", "{3FF43625-B6DC-4D7F-B214-B707AE4CC111}"
EndProject
Project("{9A19103F-16F7-4668-BE54-9A1E7A4F7556}") = "Loops", "Loops\Loops.csproj", "{8AB9CDBB-D45F-40E4-99E9-468EBFAC95D3}"
EndProject
Project("{9A19103F-16F7-4668-BE54-9A1E7A4F7556}") = "ContinueBreak", "ContinueBreak\ContinueBreak.csproj", "{C5E92E91-01DA-492C-9C31-BC222E49C354}"
EndProject
Project("{9A19103F-16F7-4668-BE54-9A1E7A4F7556}") = "Class", "Class\Class.csproj", "{5D7C3EE8-412C-4D21-9595-1E0C910BF87F}"
EndProject
Project("{9A19103F-16F7-4668-BE54-9A1E7A4F7556}") = "Constructor", "Constructor\Constructor.csproj", "{3B61C851-E022-4F1D-B6BC-F3B8A8E2C90F}"
EndProject
Project("{9A19103F-16F7-4668-BE54-9A1E7A4F7556}") = "Assign3", "Assign3\Assign3.csproj", "{2D015439-88A3-4055-B9D6-0DCB7E72697F}"
EndProject
Project("{9A19103F-16F7-4668-BE54-9A1E7A4F7556}") = "ClassProperties", "ClassProperties\ClassProperties.csproj", "{C56CF6A2-51B1-4662-9FC7-4C25D7EACABC}"
EndProject
Project("{9A19103F-16F7-4668-BE54-9A1E7A4F7556}") = "Geometry", "Geometry\Geometry.csproj", "{AD236C9F-36F2-4A08-99E8-091AE0F363E4}"
EndProject
Project("{9A19103F-16F7-4668-BE54-9A1E7A4F7556}") = "Arrays", "Arrays\Arrays.csproj", "{317B200A-4082-49D8-B476-73BCA6F348E3}"
EndProject
Project("{9A19103F-16F7-4668-BE54-9A1E7A4F7556}") = "Marks", "Marks\Marks.csproj", "{55DE6464-3508-4B23-9D40-C95C0ECF2835}"
EndProject
Project("{9A19103F-16F7-4668-BE54-9A1E7A4F7556}") = "Assign4", "Assign4\Assign4.csproj", "{2A813349-2C63-4D56-B334-8C29F081149A}"
EndProject
Project("{9A19103F-16F7-4668-BE54-9A1E7A4F7556}") = "InputTester", "InputTester\InputTester.csproj", "{7B609626-7A25-448C-9C2C-5A7D53EE3BD5}"
EndProject
Project("{9A19103F-16F7-4668-BE54-9A1E7A4F7556}") = "MultiDimensionalArrays", "MultiDimensionalArrays\MultiDimensionalArrays.csproj", "{BAB3AFAA-8031-4069-9981-0A910F1D3D31}"
EndProject
Project("{9A19103F-16F7-4668-BE54-9A1E7A4F7556}") = "2DArrays", "2DArrays\2DArrays.csproj", "{313D1BCA-19E8-465D-94AB-1427C6A0CBA9}"
EndProject
Project("{9A19103F-16F7-4668-BE54-9A1E7A4F7556}") = "Assign5", "Assign5\Assign5.csproj", "{29EE55EE-0632-42FE-A991-FD654F80FC0D}"
EndProject
Project("{9A19103F-16F7-4668-BE54-9A1E7A4F7556}") = "tictactoe", "tictactoe\tictactoe.csproj", "{5A9F8DF6-D4F6-43CE-BCEE-827917AD26AA}"
EndProject
Project("{9A19103F-16F7-4668-BE54-9A1E7A4F7556}") = "jaggedArray", "jaggedArray\jaggedArray.csproj", "{CE272836-FD14-4049-8FD1-E19E8E7AF725}"
EndProject
Project("{9A19103F-16F7-4668-BE54-9A1E7A4F7556}") = "JaggedArrayExample", "JaggedArrayExample\JaggedArrayExample.csproj", "{F6325AFA-C6F1-4B57-A252-E9D393E3E12C}"
EndProject
Project("{9A19103F-16F7-4668-BE54-9A1E7A4F7556}") = "Params", "Params\Params.csproj", "{B46EBDD6-2354-4BAC-83DC-ADC33F4D6EAE}"
EndProject
Project("{9A19103F-16F7-4668-BE54-9A1E7A4F7556}") = "ArrayList", "ArrayList\ArrayList.csproj", "{6DF23F65-EB3D-4868-A6BF-08F787BAB563}"
EndProject
Project("{9A19103F-16F7-4668-BE54-9A1E7A4F7556}") = "Lists", "Lists\Lists.csproj", "{52DD0FC3-7A70-4F92-9357-DE84D04CE001}"
EndProject
Project("{9A19103F-16F7-4668-BE54-9A1E7A4F7556}") = "Hashtables", "Hashtables\Hashtables.csproj", "{F8306523-7A78-4A79-A07C-08E998F30BF7}"
EndProject
Project("{9A19103F-16F7-4668-BE54-9A1E7A4F7556}") = "HashtableExample", "HashtableExample\HashtableExample.csproj", "{9940DDDD-2382-4DB6-AF73-D2437AA750E6}"
EndProject
Project("{9A19103F-16F7-4668-BE54-9A1E7A4F7556}") = "Dictionary", "Dictionary\Dictionary.csproj", "{22E1ACF8-CC69-4B6E-8850-A85FF3027E13}"
EndProject
Project("{9A19103F-16F7-4668-BE54-9A1E7A4F7556}") = "Assign6", "Assign6\Assign6.csproj", "{A586D1DB-59EB-462E-986E-485C2CCE02B7}"
EndProject
Project("{9A19103F-16F7-4668-BE54-9A1E7A4F7556}") = "Stack", "Stack\Stack.csproj", "{638D84C0-6E3F-4C86-BAEF-68E34AAF28F4}"
EndProject
Project("{9A19103F-16F7-4668-BE54-9A1E7A4F7556}") = "Queue", "Queue\Queue.csproj", "{56EAACE5-9F0F-4B56-9682-FB4DAF23EA7C}"
EndProject
Project("{9A19103F-16F7-4668-BE54-9A1E7A4F7556}") = "OrderQueue", "OrderQueue\OrderQueue.csproj", "{2A9CF190-A858-46B5-8111-F0D9E4AFCBB8}"
EndProject
Project("{9A19103F-16F7-4668-BE54-9A1E7A4F7556}") = "Inheritance", "Inheritance\Inheritance.csproj", "{85252BE9-83E8-4D6B-A021-F92B3FFB8EB0}"
EndProject
Project("{9A19103F-16F7-4668-BE54-9A1E7A4F7556}") = "VirtualOverride", "VirtualOverride\VirtualOverride.csproj", "{DAF928E8-778F-4C17-A982-BD7851066058}"
EndProject
Project("{9A19103F-16F7-4668-BE54-9A1E7A4F7556}") = "InheritanceDemo", "InheritanceDemo\InheritanceDemo.csproj", "{25C23802-98DF-4ACA-BAD9-B7C1200E2340}"
EndProject
Project("{9A19103F-16F7-4668-BE54-9A1E7A4F7556}") = "Emp", "Emp\Emp.csproj", "{0CE4F13C-554A-4CEC-AEC2-6F1A855003C0}"
EndProject
Project("{9A19103F-16F7-4668-BE54-9A1E7A4F7556}") = "InterfaceDemo", "InterfaceDemo\InterfaceDemo.csproj", "{AE362728-DD8D-4A8A-B3AF-69C0D6227275}"
EndProject
Project("{9A19103F-16F7-4668-BE54-9A1E7A4F7556}") = "InterfacesDemo", "InterfacesDemo\InterfacesDemo.csproj", "{7706556E-FAE4-4926-A87C-E5A52800BC9A}"
EndProject
Project("{FAE04EC0-301F-11D3-BF4B-00C04F79EFBC}") = "Assign7", "Assign7\Assign7.csproj", "{43C2722C-76D2-40EC-9514-759B6152D6D6}"
EndProject
Project("{FAE04EC0-301F-11D3-BF4B-00C04F79EFBC}") = "IEnumeratorAndIEnumerable", "IEnumeratorAndIEnumerable\IEnumeratorAndIEnumerable.csproj", "{2B5E3AF7-5F41-478B-B07F-CD40D51C57B7}"
EndProject
Project("{FAE04EC0-301F-11D3-BF4B-00C04F79EFBC}") = "IEnumerable", "IEnumerable\IEnumerable.csproj", "{0EC277B9-80B5-4A73-9BD0-074077881E28}"
EndProject
Project("{FAE04EC0-301F-11D3-BF4B-00C04F79EFBC}") = "IEnumerableDemo", "IEnumerableDemo\IEnumerableDemo.csproj", "{1FB8B4B9-5392-43A8-A3F7-9EEB8ECA296C}"
EndProject
Global
	GlobalSection(SolutionConfigurationPlatforms) = preSolution
		Debug|Any CPU = Debug|Any CPU
		Release|Any CPU = Release|Any CPU
	EndGlobalSection
	GlobalSection(ProjectConfigurationPlatforms) = postSolution
		{F4AC1A33-962F-4BED-97EF-904135450EE1}.Debug|Any CPU.ActiveCfg = Debug|Any CPU
		{F4AC1A33-962F-4BED-97EF-904135450EE1}.Debug|Any CPU.Build.0 = Debug|Any CPU
		{F4AC1A33-962F-4BED-97EF-904135450EE1}.Release|Any CPU.ActiveCfg = Release|Any CPU
		{F4AC1A33-962F-4BED-97EF-904135450EE1}.Release|Any CPU.Build.0 = Release|Any CPU
		{CFCBF156-D6DC-4A94-8CD1-6C31D2751020}.Debug|Any CPU.ActiveCfg = Debug|Any CPU
		{CFCBF156-D6DC-4A94-8CD1-6C31D2751020}.Debug|Any CPU.Build.0 = Debug|Any CPU
		{CFCBF156-D6DC-4A94-8CD1-6C31D2751020}.Release|Any CPU.ActiveCfg = Release|Any CPU
		{CFCBF156-D6DC-4A94-8CD1-6C31D2751020}.Release|Any CPU.Build.0 = Release|Any CPU
		{8457B7A8-2A0E-4FF2-A722-703645DD75CC}.Debug|Any CPU.ActiveCfg = Debug|Any CPU
		{8457B7A8-2A0E-4FF2-A722-703645DD75CC}.Debug|Any CPU.Build.0 = Debug|Any CPU
		{8457B7A8-2A0E-4FF2-A722-703645DD75CC}.Release|Any CPU.ActiveCfg = Release|Any CPU
		{8457B7A8-2A0E-4FF2-A722-703645DD75CC}.Release|Any CPU.Build.0 = Release|Any CPU
		{A45B9AAE-4B72-46C2-9BC5-60F98C9BC123}.Debug|Any CPU.ActiveCfg = Debug|Any CPU
		{A45B9AAE-4B72-46C2-9BC5-60F98C9BC123}.Debug|Any CPU.Build.0 = Debug|Any CPU
		{A45B9AAE-4B72-46C2-9BC5-60F98C9BC123}.Release|Any CPU.ActiveCfg = Release|Any CPU
		{A45B9AAE-4B72-46C2-9BC5-60F98C9BC123}.Release|Any CPU.Build.0 = Release|Any CPU
		{6DF7664B-F064-4923-8A6B-3AE8552849E5}.Debug|Any CPU.ActiveCfg = Debug|Any CPU
		{6DF7664B-F064-4923-8A6B-3AE8552849E5}.Debug|Any CPU.Build.0 = Debug|Any CPU
		{6DF7664B-F064-4923-8A6B-3AE8552849E5}.Release|Any CPU.ActiveCfg = Release|Any CPU
		{6DF7664B-F064-4923-8A6B-3AE8552849E5}.Release|Any CPU.Build.0 = Release|Any CPU
		{DF712111-6A63-4DCC-9B74-683755F235C8}.Debug|Any CPU.ActiveCfg = Debug|Any CPU
		{DF712111-6A63-4DCC-9B74-683755F235C8}.Debug|Any CPU.Build.0 = Debug|Any CPU
		{DF712111-6A63-4DCC-9B74-683755F235C8}.Release|Any CPU.ActiveCfg = Release|Any CPU
		{DF712111-6A63-4DCC-9B74-683755F235C8}.Release|Any CPU.Build.0 = Release|Any CPU
		{C25A25FE-E949-4437-8E87-D4AA5651C220}.Debug|Any CPU.ActiveCfg = Debug|Any CPU
		{C25A25FE-E949-4437-8E87-D4AA5651C220}.Debug|Any CPU.Build.0 = Debug|Any CPU
		{C25A25FE-E949-4437-8E87-D4AA5651C220}.Release|Any CPU.ActiveCfg = Release|Any CPU
		{C25A25FE-E949-4437-8E87-D4AA5651C220}.Release|Any CPU.Build.0 = Release|Any CPU
		{1229DCAC-AEA7-4F75-85F7-5C338E48D1EB}.Debug|Any CPU.ActiveCfg = Debug|Any CPU
		{1229DCAC-AEA7-4F75-85F7-5C338E48D1EB}.Debug|Any CPU.Build.0 = Debug|Any CPU
		{1229DCAC-AEA7-4F75-85F7-5C338E48D1EB}.Release|Any CPU.ActiveCfg = Release|Any CPU
		{1229DCAC-AEA7-4F75-85F7-5C338E48D1EB}.Release|Any CPU.Build.0 = Release|Any CPU
		{AEE692CA-D3BB-42F5-B83E-12E8E9E20A60}.Debug|Any CPU.ActiveCfg = Debug|Any CPU
		{AEE692CA-D3BB-42F5-B83E-12E8E9E20A60}.Debug|Any CPU.Build.0 = Debug|Any CPU
		{AEE692CA-D3BB-42F5-B83E-12E8E9E20A60}.Release|Any CPU.ActiveCfg = Release|Any CPU
		{AEE692CA-D3BB-42F5-B83E-12E8E9E20A60}.Release|Any CPU.Build.0 = Release|Any CPU
		{CA4F8ED5-6D56-4957-B81D-D874724EBC27}.Debug|Any CPU.ActiveCfg = Debug|Any CPU
		{CA4F8ED5-6D56-4957-B81D-D874724EBC27}.Debug|Any CPU.Build.0 = Debug|Any CPU
		{CA4F8ED5-6D56-4957-B81D-D874724EBC27}.Release|Any CPU.ActiveCfg = Release|Any CPU
		{CA4F8ED5-6D56-4957-B81D-D874724EBC27}.Release|Any CPU.Build.0 = Release|Any CPU
		{44D087DE-F10D-49A9-A869-40A89123F2BA}.Debug|Any CPU.ActiveCfg = Debug|Any CPU
		{44D087DE-F10D-49A9-A869-40A89123F2BA}.Debug|Any CPU.Build.0 = Debug|Any CPU
		{44D087DE-F10D-49A9-A869-40A89123F2BA}.Release|Any CPU.ActiveCfg = Release|Any CPU
		{44D087DE-F10D-49A9-A869-40A89123F2BA}.Release|Any CPU.Build.0 = Release|Any CPU
		{F8AE8AC0-53FD-4199-B2A2-9BF8985247DC}.Debug|Any CPU.ActiveCfg = Debug|Any CPU
		{F8AE8AC0-53FD-4199-B2A2-9BF8985247DC}.Debug|Any CPU.Build.0 = Debug|Any CPU
		{F8AE8AC0-53FD-4199-B2A2-9BF8985247DC}.Release|Any CPU.ActiveCfg = Release|Any CPU
		{F8AE8AC0-53FD-4199-B2A2-9BF8985247DC}.Release|Any CPU.Build.0 = Release|Any CPU
		{953C82BA-5858-44F3-9BC3-69CAFC6643CE}.Debug|Any CPU.ActiveCfg = Debug|Any CPU
		{953C82BA-5858-44F3-9BC3-69CAFC6643CE}.Debug|Any CPU.Build.0 = Debug|Any CPU
		{953C82BA-5858-44F3-9BC3-69CAFC6643CE}.Release|Any CPU.ActiveCfg = Release|Any CPU
		{953C82BA-5858-44F3-9BC3-69CAFC6643CE}.Release|Any CPU.Build.0 = Release|Any CPU
		{D4FE1226-39E8-43DD-9B6E-7896ACE21AC0}.Debug|Any CPU.ActiveCfg = Debug|Any CPU
		{D4FE1226-39E8-43DD-9B6E-7896ACE21AC0}.Debug|Any CPU.Build.0 = Debug|Any CPU
		{D4FE1226-39E8-43DD-9B6E-7896ACE21AC0}.Release|Any CPU.ActiveCfg = Release|Any CPU
		{D4FE1226-39E8-43DD-9B6E-7896ACE21AC0}.Release|Any CPU.Build.0 = Release|Any CPU
		{B895D12B-E211-4634-A441-5BB3567895F3}.Debug|Any CPU.ActiveCfg = Debug|Any CPU
		{B895D12B-E211-4634-A441-5BB3567895F3}.Debug|Any CPU.Build.0 = Debug|Any CPU
		{B895D12B-E211-4634-A441-5BB3567895F3}.Release|Any CPU.ActiveCfg = Release|Any CPU
		{B895D12B-E211-4634-A441-5BB3567895F3}.Release|Any CPU.Build.0 = Release|Any CPU
		{2B92AF47-CC4E-42DF-AD13-6156FDF3103E}.Debug|Any CPU.ActiveCfg = Debug|Any CPU
		{2B92AF47-CC4E-42DF-AD13-6156FDF3103E}.Debug|Any CPU.Build.0 = Debug|Any CPU
		{2B92AF47-CC4E-42DF-AD13-6156FDF3103E}.Release|Any CPU.ActiveCfg = Release|Any CPU
		{2B92AF47-CC4E-42DF-AD13-6156FDF3103E}.Release|Any CPU.Build.0 = Release|Any CPU
		{90E1CE89-1C6D-4795-B0CE-2B39665AA01B}.Debug|Any CPU.ActiveCfg = Debug|Any CPU
		{90E1CE89-1C6D-4795-B0CE-2B39665AA01B}.Debug|Any CPU.Build.0 = Debug|Any CPU
		{90E1CE89-1C6D-4795-B0CE-2B39665AA01B}.Release|Any CPU.ActiveCfg = Release|Any CPU
		{90E1CE89-1C6D-4795-B0CE-2B39665AA01B}.Release|Any CPU.Build.0 = Release|Any CPU
		{96AC1192-CD83-4A17-800D-D0DDB6241552}.Debug|Any CPU.ActiveCfg = Debug|Any CPU
		{96AC1192-CD83-4A17-800D-D0DDB6241552}.Debug|Any CPU.Build.0 = Debug|Any CPU
		{96AC1192-CD83-4A17-800D-D0DDB6241552}.Release|Any CPU.ActiveCfg = Release|Any CPU
		{96AC1192-CD83-4A17-800D-D0DDB6241552}.Release|Any CPU.Build.0 = Release|Any CPU
		{C216257F-8A22-4FEB-BB90-51C5171FFA03}.Debug|Any CPU.ActiveCfg = Debug|Any CPU
		{C216257F-8A22-4FEB-BB90-51C5171FFA03}.Debug|Any CPU.Build.0 = Debug|Any CPU
		{C216257F-8A22-4FEB-BB90-51C5171FFA03}.Release|Any CPU.ActiveCfg = Release|Any CPU
		{C216257F-8A22-4FEB-BB90-51C5171FFA03}.Release|Any CPU.Build.0 = Release|Any CPU
		{82D7D7B6-621C-41AC-B543-ACB4952DAB64}.Debug|Any CPU.ActiveCfg = Debug|Any CPU
		{82D7D7B6-621C-41AC-B543-ACB4952DAB64}.Debug|Any CPU.Build.0 = Debug|Any CPU
		{82D7D7B6-621C-41AC-B543-ACB4952DAB64}.Release|Any CPU.ActiveCfg = Release|Any CPU
		{82D7D7B6-621C-41AC-B543-ACB4952DAB64}.Release|Any CPU.Build.0 = Release|Any CPU
		{85F6146F-9059-42B1-B94E-1746499E609F}.Debug|Any CPU.ActiveCfg = Debug|Any CPU
		{85F6146F-9059-42B1-B94E-1746499E609F}.Debug|Any CPU.Build.0 = Debug|Any CPU
		{85F6146F-9059-42B1-B94E-1746499E609F}.Release|Any CPU.ActiveCfg = Release|Any CPU
		{85F6146F-9059-42B1-B94E-1746499E609F}.Release|Any CPU.Build.0 = Release|Any CPU
		{DD5049F8-5811-4F68-9E75-5D5170CFA53E}.Debug|Any CPU.ActiveCfg = Debug|Any CPU
		{DD5049F8-5811-4F68-9E75-5D5170CFA53E}.Debug|Any CPU.Build.0 = Debug|Any CPU
		{DD5049F8-5811-4F68-9E75-5D5170CFA53E}.Release|Any CPU.ActiveCfg = Release|Any CPU
		{DD5049F8-5811-4F68-9E75-5D5170CFA53E}.Release|Any CPU.Build.0 = Release|Any CPU
		{C250BE04-41FE-4335-A2F6-56C56BEDA2DE}.Debug|Any CPU.ActiveCfg = Debug|Any CPU
		{C250BE04-41FE-4335-A2F6-56C56BEDA2DE}.Debug|Any CPU.Build.0 = Debug|Any CPU
		{C250BE04-41FE-4335-A2F6-56C56BEDA2DE}.Release|Any CPU.ActiveCfg = Release|Any CPU
		{C250BE04-41FE-4335-A2F6-56C56BEDA2DE}.Release|Any CPU.Build.0 = Release|Any CPU
		{3FF43625-B6DC-4D7F-B214-B707AE4CC111}.Debug|Any CPU.ActiveCfg = Debug|Any CPU
		{3FF43625-B6DC-4D7F-B214-B707AE4CC111}.Debug|Any CPU.Build.0 = Debug|Any CPU
		{3FF43625-B6DC-4D7F-B214-B707AE4CC111}.Release|Any CPU.ActiveCfg = Release|Any CPU
		{3FF43625-B6DC-4D7F-B214-B707AE4CC111}.Release|Any CPU.Build.0 = Release|Any CPU
		{8AB9CDBB-D45F-40E4-99E9-468EBFAC95D3}.Debug|Any CPU.ActiveCfg = Debug|Any CPU
		{8AB9CDBB-D45F-40E4-99E9-468EBFAC95D3}.Debug|Any CPU.Build.0 = Debug|Any CPU
		{8AB9CDBB-D45F-40E4-99E9-468EBFAC95D3}.Release|Any CPU.ActiveCfg = Release|Any CPU
		{8AB9CDBB-D45F-40E4-99E9-468EBFAC95D3}.Release|Any CPU.Build.0 = Release|Any CPU
		{C5E92E91-01DA-492C-9C31-BC222E49C354}.Debug|Any CPU.ActiveCfg = Debug|Any CPU
		{C5E92E91-01DA-492C-9C31-BC222E49C354}.Debug|Any CPU.Build.0 = Debug|Any CPU
		{C5E92E91-01DA-492C-9C31-BC222E49C354}.Release|Any CPU.ActiveCfg = Release|Any CPU
		{C5E92E91-01DA-492C-9C31-BC222E49C354}.Release|Any CPU.Build.0 = Release|Any CPU
		{5D7C3EE8-412C-4D21-9595-1E0C910BF87F}.Debug|Any CPU.ActiveCfg = Debug|Any CPU
		{5D7C3EE8-412C-4D21-9595-1E0C910BF87F}.Debug|Any CPU.Build.0 = Debug|Any CPU
		{5D7C3EE8-412C-4D21-9595-1E0C910BF87F}.Release|Any CPU.ActiveCfg = Release|Any CPU
		{5D7C3EE8-412C-4D21-9595-1E0C910BF87F}.Release|Any CPU.Build.0 = Release|Any CPU
		{3B61C851-E022-4F1D-B6BC-F3B8A8E2C90F}.Debug|Any CPU.ActiveCfg = Debug|Any CPU
		{3B61C851-E022-4F1D-B6BC-F3B8A8E2C90F}.Debug|Any CPU.Build.0 = Debug|Any CPU
		{3B61C851-E022-4F1D-B6BC-F3B8A8E2C90F}.Release|Any CPU.ActiveCfg = Release|Any CPU
		{3B61C851-E022-4F1D-B6BC-F3B8A8E2C90F}.Release|Any CPU.Build.0 = Release|Any CPU
		{2D015439-88A3-4055-B9D6-0DCB7E72697F}.Debug|Any CPU.ActiveCfg = Debug|Any CPU
		{2D015439-88A3-4055-B9D6-0DCB7E72697F}.Debug|Any CPU.Build.0 = Debug|Any CPU
		{2D015439-88A3-4055-B9D6-0DCB7E72697F}.Release|Any CPU.ActiveCfg = Release|Any CPU
		{2D015439-88A3-4055-B9D6-0DCB7E72697F}.Release|Any CPU.Build.0 = Release|Any CPU
		{C56CF6A2-51B1-4662-9FC7-4C25D7EACABC}.Debug|Any CPU.ActiveCfg = Debug|Any CPU
		{C56CF6A2-51B1-4662-9FC7-4C25D7EACABC}.Debug|Any CPU.Build.0 = Debug|Any CPU
		{C56CF6A2-51B1-4662-9FC7-4C25D7EACABC}.Release|Any CPU.ActiveCfg = Release|Any CPU
		{C56CF6A2-51B1-4662-9FC7-4C25D7EACABC}.Release|Any CPU.Build.0 = Release|Any CPU
		{AD236C9F-36F2-4A08-99E8-091AE0F363E4}.Debug|Any CPU.ActiveCfg = Debug|Any CPU
		{AD236C9F-36F2-4A08-99E8-091AE0F363E4}.Debug|Any CPU.Build.0 = Debug|Any CPU
		{AD236C9F-36F2-4A08-99E8-091AE0F363E4}.Release|Any CPU.ActiveCfg = Release|Any CPU
		{AD236C9F-36F2-4A08-99E8-091AE0F363E4}.Release|Any CPU.Build.0 = Release|Any CPU
		{317B200A-4082-49D8-B476-73BCA6F348E3}.Debug|Any CPU.ActiveCfg = Debug|Any CPU
		{317B200A-4082-49D8-B476-73BCA6F348E3}.Debug|Any CPU.Build.0 = Debug|Any CPU
		{317B200A-4082-49D8-B476-73BCA6F348E3}.Release|Any CPU.ActiveCfg = Release|Any CPU
		{317B200A-4082-49D8-B476-73BCA6F348E3}.Release|Any CPU.Build.0 = Release|Any CPU
		{55DE6464-3508-4B23-9D40-C95C0ECF2835}.Debug|Any CPU.ActiveCfg = Debug|Any CPU
		{55DE6464-3508-4B23-9D40-C95C0ECF2835}.Debug|Any CPU.Build.0 = Debug|Any CPU
		{55DE6464-3508-4B23-9D40-C95C0ECF2835}.Release|Any CPU.ActiveCfg = Release|Any CPU
		{55DE6464-3508-4B23-9D40-C95C0ECF2835}.Release|Any CPU.Build.0 = Release|Any CPU
		{2A813349-2C63-4D56-B334-8C29F081149A}.Debug|Any CPU.ActiveCfg = Debug|Any CPU
		{2A813349-2C63-4D56-B334-8C29F081149A}.Debug|Any CPU.Build.0 = Debug|Any CPU
		{2A813349-2C63-4D56-B334-8C29F081149A}.Release|Any CPU.ActiveCfg = Release|Any CPU
		{2A813349-2C63-4D56-B334-8C29F081149A}.Release|Any CPU.Build.0 = Release|Any CPU
		{7B609626-7A25-448C-9C2C-5A7D53EE3BD5}.Debug|Any CPU.ActiveCfg = Debug|Any CPU
		{7B609626-7A25-448C-9C2C-5A7D53EE3BD5}.Debug|Any CPU.Build.0 = Debug|Any CPU
		{7B609626-7A25-448C-9C2C-5A7D53EE3BD5}.Release|Any CPU.ActiveCfg = Release|Any CPU
		{7B609626-7A25-448C-9C2C-5A7D53EE3BD5}.Release|Any CPU.Build.0 = Release|Any CPU
		{BAB3AFAA-8031-4069-9981-0A910F1D3D31}.Debug|Any CPU.ActiveCfg = Debug|Any CPU
		{BAB3AFAA-8031-4069-9981-0A910F1D3D31}.Debug|Any CPU.Build.0 = Debug|Any CPU
		{BAB3AFAA-8031-4069-9981-0A910F1D3D31}.Release|Any CPU.ActiveCfg = Release|Any CPU
		{BAB3AFAA-8031-4069-9981-0A910F1D3D31}.Release|Any CPU.Build.0 = Release|Any CPU
		{313D1BCA-19E8-465D-94AB-1427C6A0CBA9}.Debug|Any CPU.ActiveCfg = Debug|Any CPU
		{313D1BCA-19E8-465D-94AB-1427C6A0CBA9}.Debug|Any CPU.Build.0 = Debug|Any CPU
		{313D1BCA-19E8-465D-94AB-1427C6A0CBA9}.Release|Any CPU.ActiveCfg = Release|Any CPU
		{313D1BCA-19E8-465D-94AB-1427C6A0CBA9}.Release|Any CPU.Build.0 = Release|Any CPU
		{29EE55EE-0632-42FE-A991-FD654F80FC0D}.Debug|Any CPU.ActiveCfg = Debug|Any CPU
		{29EE55EE-0632-42FE-A991-FD654F80FC0D}.Debug|Any CPU.Build.0 = Debug|Any CPU
		{29EE55EE-0632-42FE-A991-FD654F80FC0D}.Release|Any CPU.ActiveCfg = Release|Any CPU
		{29EE55EE-0632-42FE-A991-FD654F80FC0D}.Release|Any CPU.Build.0 = Release|Any CPU
		{5A9F8DF6-D4F6-43CE-BCEE-827917AD26AA}.Debug|Any CPU.ActiveCfg = Debug|Any CPU
		{5A9F8DF6-D4F6-43CE-BCEE-827917AD26AA}.Debug|Any CPU.Build.0 = Debug|Any CPU
		{5A9F8DF6-D4F6-43CE-BCEE-827917AD26AA}.Release|Any CPU.ActiveCfg = Release|Any CPU
		{5A9F8DF6-D4F6-43CE-BCEE-827917AD26AA}.Release|Any CPU.Build.0 = Release|Any CPU
		{CE272836-FD14-4049-8FD1-E19E8E7AF725}.Debug|Any CPU.ActiveCfg = Debug|Any CPU
		{CE272836-FD14-4049-8FD1-E19E8E7AF725}.Debug|Any CPU.Build.0 = Debug|Any CPU
		{CE272836-FD14-4049-8FD1-E19E8E7AF725}.Release|Any CPU.ActiveCfg = Release|Any CPU
		{CE272836-FD14-4049-8FD1-E19E8E7AF725}.Release|Any CPU.Build.0 = Release|Any CPU
		{F6325AFA-C6F1-4B57-A252-E9D393E3E12C}.Debug|Any CPU.ActiveCfg = Debug|Any CPU
		{F6325AFA-C6F1-4B57-A252-E9D393E3E12C}.Debug|Any CPU.Build.0 = Debug|Any CPU
		{F6325AFA-C6F1-4B57-A252-E9D393E3E12C}.Release|Any CPU.ActiveCfg = Release|Any CPU
		{F6325AFA-C6F1-4B57-A252-E9D393E3E12C}.Release|Any CPU.Build.0 = Release|Any CPU
		{B46EBDD6-2354-4BAC-83DC-ADC33F4D6EAE}.Debug|Any CPU.ActiveCfg = Debug|Any CPU
		{B46EBDD6-2354-4BAC-83DC-ADC33F4D6EAE}.Debug|Any CPU.Build.0 = Debug|Any CPU
		{B46EBDD6-2354-4BAC-83DC-ADC33F4D6EAE}.Release|Any CPU.ActiveCfg = Release|Any CPU
		{B46EBDD6-2354-4BAC-83DC-ADC33F4D6EAE}.Release|Any CPU.Build.0 = Release|Any CPU
		{6DF23F65-EB3D-4868-A6BF-08F787BAB563}.Debug|Any CPU.ActiveCfg = Debug|Any CPU
		{6DF23F65-EB3D-4868-A6BF-08F787BAB563}.Debug|Any CPU.Build.0 = Debug|Any CPU
		{6DF23F65-EB3D-4868-A6BF-08F787BAB563}.Release|Any CPU.ActiveCfg = Release|Any CPU
		{6DF23F65-EB3D-4868-A6BF-08F787BAB563}.Release|Any CPU.Build.0 = Release|Any CPU
		{52DD0FC3-7A70-4F92-9357-DE84D04CE001}.Debug|Any CPU.ActiveCfg = Debug|Any CPU
		{52DD0FC3-7A70-4F92-9357-DE84D04CE001}.Debug|Any CPU.Build.0 = Debug|Any CPU
		{52DD0FC3-7A70-4F92-9357-DE84D04CE001}.Release|Any CPU.ActiveCfg = Release|Any CPU
		{52DD0FC3-7A70-4F92-9357-DE84D04CE001}.Release|Any CPU.Build.0 = Release|Any CPU
		{F8306523-7A78-4A79-A07C-08E998F30BF7}.Debug|Any CPU.ActiveCfg = Debug|Any CPU
		{F8306523-7A78-4A79-A07C-08E998F30BF7}.Debug|Any CPU.Build.0 = Debug|Any CPU
		{F8306523-7A78-4A79-A07C-08E998F30BF7}.Release|Any CPU.ActiveCfg = Release|Any CPU
		{F8306523-7A78-4A79-A07C-08E998F30BF7}.Release|Any CPU.Build.0 = Release|Any CPU
		{9940DDDD-2382-4DB6-AF73-D2437AA750E6}.Debug|Any CPU.ActiveCfg = Debug|Any CPU
		{9940DDDD-2382-4DB6-AF73-D2437AA750E6}.Debug|Any CPU.Build.0 = Debug|Any CPU
		{9940DDDD-2382-4DB6-AF73-D2437AA750E6}.Release|Any CPU.ActiveCfg = Release|Any CPU
		{9940DDDD-2382-4DB6-AF73-D2437AA750E6}.Release|Any CPU.Build.0 = Release|Any CPU
		{22E1ACF8-CC69-4B6E-8850-A85FF3027E13}.Debug|Any CPU.ActiveCfg = Debug|Any CPU
		{22E1ACF8-CC69-4B6E-8850-A85FF3027E13}.Debug|Any CPU.Build.0 = Debug|Any CPU
		{22E1ACF8-CC69-4B6E-8850-A85FF3027E13}.Release|Any CPU.ActiveCfg = Release|Any CPU
		{22E1ACF8-CC69-4B6E-8850-A85FF3027E13}.Release|Any CPU.Build.0 = Release|Any CPU
		{A586D1DB-59EB-462E-986E-485C2CCE02B7}.Debug|Any CPU.ActiveCfg = Debug|Any CPU
		{A586D1DB-59EB-462E-986E-485C2CCE02B7}.Debug|Any CPU.Build.0 = Debug|Any CPU
		{A586D1DB-59EB-462E-986E-485C2CCE02B7}.Release|Any CPU.ActiveCfg = Release|Any CPU
		{A586D1DB-59EB-462E-986E-485C2CCE02B7}.Release|Any CPU.Build.0 = Release|Any CPU
		{638D84C0-6E3F-4C86-BAEF-68E34AAF28F4}.Debug|Any CPU.ActiveCfg = Debug|Any CPU
		{638D84C0-6E3F-4C86-BAEF-68E34AAF28F4}.Debug|Any CPU.Build.0 = Debug|Any CPU
		{638D84C0-6E3F-4C86-BAEF-68E34AAF28F4}.Release|Any CPU.ActiveCfg = Release|Any CPU
		{638D84C0-6E3F-4C86-BAEF-68E34AAF28F4}.Release|Any CPU.Build.0 = Release|Any CPU
		{56EAACE5-9F0F-4B56-9682-FB4DAF23EA7C}.Debug|Any CPU.ActiveCfg = Debug|Any CPU
		{56EAACE5-9F0F-4B56-9682-FB4DAF23EA7C}.Debug|Any CPU.Build.0 = Debug|Any CPU
		{56EAACE5-9F0F-4B56-9682-FB4DAF23EA7C}.Release|Any CPU.ActiveCfg = Release|Any CPU
		{56EAACE5-9F0F-4B56-9682-FB4DAF23EA7C}.Release|Any CPU.Build.0 = Release|Any CPU
		{2A9CF190-A858-46B5-8111-F0D9E4AFCBB8}.Debug|Any CPU.ActiveCfg = Debug|Any CPU
		{2A9CF190-A858-46B5-8111-F0D9E4AFCBB8}.Debug|Any CPU.Build.0 = Debug|Any CPU
		{2A9CF190-A858-46B5-8111-F0D9E4AFCBB8}.Release|Any CPU.ActiveCfg = Release|Any CPU
		{2A9CF190-A858-46B5-8111-F0D9E4AFCBB8}.Release|Any CPU.Build.0 = Release|Any CPU
		{85252BE9-83E8-4D6B-A021-F92B3FFB8EB0}.Debug|Any CPU.ActiveCfg = Debug|Any CPU
		{85252BE9-83E8-4D6B-A021-F92B3FFB8EB0}.Debug|Any CPU.Build.0 = Debug|Any CPU
		{85252BE9-83E8-4D6B-A021-F92B3FFB8EB0}.Release|Any CPU.ActiveCfg = Release|Any CPU
		{85252BE9-83E8-4D6B-A021-F92B3FFB8EB0}.Release|Any CPU.Build.0 = Release|Any CPU
		{DAF928E8-778F-4C17-A982-BD7851066058}.Debug|Any CPU.ActiveCfg = Debug|Any CPU
		{DAF928E8-778F-4C17-A982-BD7851066058}.Debug|Any CPU.Build.0 = Debug|Any CPU
		{DAF928E8-778F-4C17-A982-BD7851066058}.Release|Any CPU.ActiveCfg = Release|Any CPU
		{DAF928E8-778F-4C17-A982-BD7851066058}.Release|Any CPU.Build.0 = Release|Any CPU
		{25C23802-98DF-4ACA-BAD9-B7C1200E2340}.Debug|Any CPU.ActiveCfg = Debug|Any CPU
		{25C23802-98DF-4ACA-BAD9-B7C1200E2340}.Debug|Any CPU.Build.0 = Debug|Any CPU
		{25C23802-98DF-4ACA-BAD9-B7C1200E2340}.Release|Any CPU.ActiveCfg = Release|Any CPU
		{25C23802-98DF-4ACA-BAD9-B7C1200E2340}.Release|Any CPU.Build.0 = Release|Any CPU
		{0CE4F13C-554A-4CEC-AEC2-6F1A855003C0}.Debug|Any CPU.ActiveCfg = Debug|Any CPU
		{0CE4F13C-554A-4CEC-AEC2-6F1A855003C0}.Debug|Any CPU.Build.0 = Debug|Any CPU
		{0CE4F13C-554A-4CEC-AEC2-6F1A855003C0}.Release|Any CPU.ActiveCfg = Release|Any CPU
		{0CE4F13C-554A-4CEC-AEC2-6F1A855003C0}.Release|Any CPU.Build.0 = Release|Any CPU
		{AE362728-DD8D-4A8A-B3AF-69C0D6227275}.Debug|Any CPU.ActiveCfg = Debug|Any CPU
		{AE362728-DD8D-4A8A-B3AF-69C0D6227275}.Debug|Any CPU.Build.0 = Debug|Any CPU
		{AE362728-DD8D-4A8A-B3AF-69C0D6227275}.Release|Any CPU.ActiveCfg = Release|Any CPU
		{AE362728-DD8D-4A8A-B3AF-69C0D6227275}.Release|Any CPU.Build.0 = Release|Any CPU
		{7706556E-FAE4-4926-A87C-E5A52800BC9A}.Debug|Any CPU.ActiveCfg = Debug|Any CPU
		{7706556E-FAE4-4926-A87C-E5A52800BC9A}.Debug|Any CPU.Build.0 = Debug|Any CPU
		{7706556E-FAE4-4926-A87C-E5A52800BC9A}.Release|Any CPU.ActiveCfg = Release|Any CPU
		{7706556E-FAE4-4926-A87C-E5A52800BC9A}.Release|Any CPU.Build.0 = Release|Any CPU
		{43C2722C-76D2-40EC-9514-759B6152D6D6}.Debug|Any CPU.ActiveCfg = Debug|Any CPU
		{43C2722C-76D2-40EC-9514-759B6152D6D6}.Debug|Any CPU.Build.0 = Debug|Any CPU
		{43C2722C-76D2-40EC-9514-759B6152D6D6}.Release|Any CPU.ActiveCfg = Release|Any CPU
		{43C2722C-76D2-40EC-9514-759B6152D6D6}.Release|Any CPU.Build.0 = Release|Any CPU
		{2B5E3AF7-5F41-478B-B07F-CD40D51C57B7}.Debug|Any CPU.ActiveCfg = Debug|Any CPU
		{2B5E3AF7-5F41-478B-B07F-CD40D51C57B7}.Debug|Any CPU.Build.0 = Debug|Any CPU
		{2B5E3AF7-5F41-478B-B07F-CD40D51C57B7}.Release|Any CPU.ActiveCfg = Release|Any CPU
		{2B5E3AF7-5F41-478B-B07F-CD40D51C57B7}.Release|Any CPU.Build.0 = Release|Any CPU
		{0EC277B9-80B5-4A73-9BD0-074077881E28}.Debug|Any CPU.ActiveCfg = Debug|Any CPU
		{0EC277B9-80B5-4A73-9BD0-074077881E28}.Debug|Any CPU.Build.0 = Debug|Any CPU
		{0EC277B9-80B5-4A73-9BD0-074077881E28}.Release|Any CPU.ActiveCfg = Release|Any CPU
		{0EC277B9-80B5-4A73-9BD0-074077881E28}.Release|Any CPU.Build.0 = Release|Any CPU
		{1FB8B4B9-5392-43A8-A3F7-9EEB8ECA296C}.Debug|Any CPU.ActiveCfg = Debug|Any CPU
		{1FB8B4B9-5392-43A8-A3F7-9EEB8ECA296C}.Debug|Any CPU.Build.0 = Debug|Any CPU
		{1FB8B4B9-5392-43A8-A3F7-9EEB8ECA296C}.Release|Any CPU.ActiveCfg = Release|Any CPU
		{1FB8B4B9-5392-43A8-A3F7-9EEB8ECA296C}.Release|Any CPU.Build.0 = Release|Any CPU
	EndGlobalSection
	GlobalSection(SolutionProperties) = preSolution
		HideSolutionNode = FALSE
	EndGlobalSection
	GlobalSection(ExtensibilityGlobals) = postSolution
		SolutionGuid = {B4F0C428-53F1-4F28-9952-6E9E041032CA}
	EndGlobalSection
EndGlobal
